
Microsoft Visual Studio Solution File, Format Version 12.00
# Visual Studio 15
VisualStudioVersion = 15.0.26124.0
MinimumVisualStudioVersion = 15.0.26124.0
Project("{2150E333-8FDC-42A3-9474-1A3956D46DE8}") = "src", "src", "{21B04746-C7FA-4154-92A0-4758CF81CC7B}"
EndProject
Project("{2150E333-8FDC-42A3-9474-1A3956D46DE8}") = "tests", "tests", "{9A0A4DE6-B104-432D-942F-8CA7A4189180}"
EndProject
Project("{FAE04EC0-301F-11D3-BF4B-00C04F79EFBC}") = "Zaabee.Extensions", "src\Zaabee.Extensions\Zaabee.Extensions.csproj", "{9E052E0D-B088-44A8-8964-F4430E11F8BD}"
EndProject
Project("{FAE04EC0-301F-11D3-BF4B-00C04F79EFBC}") = "Zaabee.Extensions.UnitTest", "tests\Zaabee.Extensions.UnitTest\Zaabee.Extensions.UnitTest.csproj", "{9549F3E6-4222-43D6-9ECD-78A52835DB13}"
EndProject
Project("{FAE04EC0-301F-11D3-BF4B-00C04F79EFBC}") = "Zaabee.Memory.Extensions", "src\Zaabee.Memory.Extensions\Zaabee.Memory.Extensions.csproj", "{C5D74731-3C75-4AF2-9DCA-EDAAE7BF5A13}"
EndProject
Global
	GlobalSection(SolutionConfigurationPlatforms) = preSolution
		Debug|Any CPU = Debug|Any CPU
		Debug|x64 = Debug|x64
		Debug|x86 = Debug|x86
		Release|Any CPU = Release|Any CPU
		Release|x64 = Release|x64
		Release|x86 = Release|x86
	EndGlobalSection
	GlobalSection(SolutionProperties) = preSolution
		HideSolutionNode = FALSE
	EndGlobalSection
	GlobalSection(ProjectConfigurationPlatforms) = postSolution
		{9E052E0D-B088-44A8-8964-F4430E11F8BD}.Debug|Any CPU.ActiveCfg = Debug|Any CPU
		{9E052E0D-B088-44A8-8964-F4430E11F8BD}.Debug|Any CPU.Build.0 = Debug|Any CPU
		{9E052E0D-B088-44A8-8964-F4430E11F8BD}.Debug|x64.ActiveCfg = Debug|Any CPU
		{9E052E0D-B088-44A8-8964-F4430E11F8BD}.Debug|x64.Build.0 = Debug|Any CPU
		{9E052E0D-B088-44A8-8964-F4430E11F8BD}.Debug|x86.ActiveCfg = Debug|Any CPU
		{9E052E0D-B088-44A8-8964-F4430E11F8BD}.Debug|x86.Build.0 = Debug|Any CPU
		{9E052E0D-B088-44A8-8964-F4430E11F8BD}.Release|Any CPU.ActiveCfg = Release|Any CPU
		{9E052E0D-B088-44A8-8964-F4430E11F8BD}.Release|Any CPU.Build.0 = Release|Any CPU
		{9E052E0D-B088-44A8-8964-F4430E11F8BD}.Release|x64.ActiveCfg = Release|Any CPU
		{9E052E0D-B088-44A8-8964-F4430E11F8BD}.Release|x64.Build.0 = Release|Any CPU
		{9E052E0D-B088-44A8-8964-F4430E11F8BD}.Release|x86.ActiveCfg = Release|Any CPU
		{9E052E0D-B088-44A8-8964-F4430E11F8BD}.Release|x86.Build.0 = Release|Any CPU
		{9549F3E6-4222-43D6-9ECD-78A52835DB13}.Debug|Any CPU.ActiveCfg = Debug|Any CPU
		{9549F3E6-4222-43D6-9ECD-78A52835DB13}.Debug|Any CPU.Build.0 = Debug|Any CPU
		{9549F3E6-4222-43D6-9ECD-78A52835DB13}.Debug|x64.ActiveCfg = Debug|Any CPU
		{9549F3E6-4222-43D6-9ECD-78A52835DB13}.Debug|x64.Build.0 = Debug|Any CPU
		{9549F3E6-4222-43D6-9ECD-78A52835DB13}.Debug|x86.ActiveCfg = Debug|Any CPU
		{9549F3E6-4222-43D6-9ECD-78A52835DB13}.Debug|x86.Build.0 = Debug|Any CPU
		{9549F3E6-4222-43D6-9ECD-78A52835DB13}.Release|Any CPU.ActiveCfg = Release|Any CPU
		{9549F3E6-4222-43D6-9ECD-78A52835DB13}.Release|Any CPU.Build.0 = Release|Any CPU
		{9549F3E6-4222-43D6-9ECD-78A52835DB13}.Release|x64.ActiveCfg = Release|Any CPU
		{9549F3E6-4222-43D6-9ECD-78A52835DB13}.Release|x64.Build.0 = Release|Any CPU
		{9549F3E6-4222-43D6-9ECD-78A52835DB13}.Release|x86.ActiveCfg = Release|Any CPU
		{9549F3E6-4222-43D6-9ECD-78A52835DB13}.Release|x86.Build.0 = Release|Any CPU
		{C5D74731-3C75-4AF2-9DCA-EDAAE7BF5A13}.Debug|Any CPU.ActiveCfg = Debug|Any CPU
		{C5D74731-3C75-4AF2-9DCA-EDAAE7BF5A13}.Debug|Any CPU.Build.0 = Debug|Any CPU
		{C5D74731-3C75-4AF2-9DCA-EDAAE7BF5A13}.Debug|x64.ActiveCfg = Debug|Any CPU
		{C5D74731-3C75-4AF2-9DCA-EDAAE7BF5A13}.Debug|x64.Build.0 = Debug|Any CPU
		{C5D74731-3C75-4AF2-9DCA-EDAAE7BF5A13}.Debug|x86.ActiveCfg = Debug|Any CPU
		{C5D74731-3C75-4AF2-9DCA-EDAAE7BF5A13}.Debug|x86.Build.0 = Debug|Any CPU
		{C5D74731-3C75-4AF2-9DCA-EDAAE7BF5A13}.Release|Any CPU.ActiveCfg = Release|Any CPU
		{C5D74731-3C75-4AF2-9DCA-EDAAE7BF5A13}.Release|Any CPU.Build.0 = Release|Any CPU
		{C5D74731-3C75-4AF2-9DCA-EDAAE7BF5A13}.Release|x64.ActiveCfg = Release|Any CPU
		{C5D74731-3C75-4AF2-9DCA-EDAAE7BF5A13}.Release|x64.Build.0 = Release|Any CPU
		{C5D74731-3C75-4AF2-9DCA-EDAAE7BF5A13}.Release|x86.ActiveCfg = Release|Any CPU
		{C5D74731-3C75-4AF2-9DCA-EDAAE7BF5A13}.Release|x86.Build.0 = Release|Any CPU
	EndGlobalSection
	GlobalSection(NestedProjects) = preSolution
		{9E052E0D-B088-44A8-8964-F4430E11F8BD} = {21B04746-C7FA-4154-92A0-4758CF81CC7B}
		{9549F3E6-4222-43D6-9ECD-78A52835DB13} = {9A0A4DE6-B104-432D-942F-8CA7A4189180}
		{C5D74731-3C75-4AF2-9DCA-EDAAE7BF5A13} = {21B04746-C7FA-4154-92A0-4758CF81CC7B}
	EndGlobalSection
EndGlobal
